{
  "object": {
    "pins": [
      {
        "package": "RealmDatabase",
        "repositoryURL": "https://github.com/realm/realm-core.git",
        "state": {
          "branch": null,
          "revision": "9cf7ef4ad8e2f4c7a519c9a395ca3d253bb87aa8",
          "version": "14.6.2"
        }
      },
      {
        "package": "Realm",
        "repositoryURL": "https://github.com/realm/realm-swift.git",
        "state": {
          "branch": null,
          "revision": "6e0772315809ff0a11cd265126350039a6aac59d",
          "version": "10.50.1"
        }
      },
      {
        "package": "Runtime",
        "repositoryURL": "https://github.com/wickwirew/Runtime.git",
        "state": {
          "branch": null,
          "revision": "ea112a73f7a8772a92b125ceeaaf61f1844466bd",
          "version": "2.2.6"
        }
      }
    ]
  },
  "version": 1
}
